// !$*UTF8*$!
{
	archiveVersion = 1;
	classes = {
	};
	objectVersion = 46;
	objects = {

/* Begin PBXBuildFile section */
		33CA5A586DF41EE9CB80B318 /* Pods_Mocomes.framework in Frameworks */ = {isa = PBXBuildFile; fileRef = 972A0A1E5816728288BB5D8C /* Pods_Mocomes.framework */; };
		BDB5B847C71B4B348C58BC0E /* Pods_MocomesUITests.framework in Frameworks */ = {isa = PBXBuildFile; fileRef = 99D47FFD84CB593FBAC7232B /* Pods_MocomesUITests.framework */; };
		C7A1358F73A045044FEA66E0 /* Pods_MocomesTests.framework in Frameworks */ = {isa = PBXBuildFile; fileRef = E03E2523060C6D21F513A208 /* Pods_MocomesTests.framework */; };
		DB1B00691E13E3CE00ABF2CA /* AppDelegate.swift in Sources */ = {isa = PBXBuildFile; fileRef = DB1B00681E13E3CE00ABF2CA /* AppDelegate.swift */; };
		DB1B00731E13E3CE00ABF2CA /* LaunchScreen.storyboard in Resources */ = {isa = PBXBuildFile; fileRef = DB1B00711E13E3CE00ABF2CA /* LaunchScreen.storyboard */; };
		DB1B007E1E13E3CE00ABF2CA /* MocomesTests.swift in Sources */ = {isa = PBXBuildFile; fileRef = DB1B007D1E13E3CE00ABF2CA /* MocomesTests.swift */; };
		DB1B00891E13E3CE00ABF2CA /* MocomesUITests.swift in Sources */ = {isa = PBXBuildFile; fileRef = DB1B00881E13E3CE00ABF2CA /* MocomesUITests.swift */; };
		DBB011E81E153AE500AE2367 /* SystemConfiguration.framework in Frameworks */ = {isa = PBXBuildFile; fileRef = DBB011E71E153AE500AE2367 /* SystemConfiguration.framework */; };
		DBB011EA1E153AF100AE2367 /* Security.framework in Frameworks */ = {isa = PBXBuildFile; fileRef = DBB011E91E153AF100AE2367 /* Security.framework */; };
		DBB011EE1E153C6C00AE2367 /* MenuScreen.swift in Sources */ = {isa = PBXBuildFile; fileRef = DBB011ED1E153C6C00AE2367 /* MenuScreen.swift */; };
		DBB011F41E153D5000AE2367 /* MenuScreen.storyboard in Resources */ = {isa = PBXBuildFile; fileRef = DBB011F31E153D5000AE2367 /* MenuScreen.storyboard */; };
		DBB011F81E15475A00AE2367 /* MenuTabUser.swift in Sources */ = {isa = PBXBuildFile; fileRef = DBB011F71E15475A00AE2367 /* MenuTabUser.swift */; };
		DBB011FC1E15477900AE2367 /* MenuTabTime.swift in Sources */ = {isa = PBXBuildFile; fileRef = DBB011FB1E15477900AE2367 /* MenuTabTime.swift */; };
		DBB011FE1E15478800AE2367 /* MenuTabSetting.swift in Sources */ = {isa = PBXBuildFile; fileRef = DBB011FD1E15478800AE2367 /* MenuTabSetting.swift */; };
		DBD1D0BC1E14D08900C60072 /* Assets.xcassets in Resources */ = {isa = PBXBuildFile; fileRef = DBD1D0BB1E14D08900C60072 /* Assets.xcassets */; };
		DBD6545F1E1783C900A6968C /* GoogleService-Info.plist in Resources */ = {isa = PBXBuildFile; fileRef = DBD6545E1E1783C900A6968C /* GoogleService-Info.plist */; };
		DBFB4F121E168C22004F8B8E /* MenuUserScreen.storyboard in Resources */ = {isa = PBXBuildFile; fileRef = DBFB4F111E168C22004F8B8E /* MenuUserScreen.storyboard */; };
		DBFB4F141E168C35004F8B8E /* MenuTalkScreen.storyboard in Resources */ = {isa = PBXBuildFile; fileRef = DBFB4F131E168C35004F8B8E /* MenuTalkScreen.storyboard */; };
		DBFB4F161E168C62004F8B8E /* MenuTimeScreen.storyboard in Resources */ = {isa = PBXBuildFile; fileRef = DBFB4F151E168C62004F8B8E /* MenuTimeScreen.storyboard */; };
		DBFB4F181E168C76004F8B8E /* MenuSettingScreen.storyboard in Resources */ = {isa = PBXBuildFile; fileRef = DBFB4F171E168C76004F8B8E /* MenuSettingScreen.storyboard */; };
		DBFB4F5A1E16BDA3004F8B8E /* TalkScreen.storyboard in Resources */ = {isa = PBXBuildFile; fileRef = DBFB4F591E16BDA3004F8B8E /* TalkScreen.storyboard */; };
		DBFB4F5C1E16BDC2004F8B8E /* TalkScreen.swift in Sources */ = {isa = PBXBuildFile; fileRef = DBFB4F5B1E16BDC2004F8B8E /* TalkScreen.swift */; };
		DBFB4F601E16BEA2004F8B8E /* MenuTabTalk.swift in Sources */ = {isa = PBXBuildFile; fileRef = DBFB4F5F1E16BEA2004F8B8E /* MenuTabTalk.swift */; };
/* End PBXBuildFile section */

/* Begin PBXContainerItemProxy section */
		DB1B007A1E13E3CE00ABF2CA /* PBXContainerItemProxy */ = {
			isa = PBXContainerItemProxy;
			containerPortal = DB1B005D1E13E3CD00ABF2CA /* Project object */;
			proxyType = 1;
			remoteGlobalIDString = DB1B00641E13E3CD00ABF2CA;
			remoteInfo = Mocomes;
		};
		DB1B00851E13E3CE00ABF2CA /* PBXContainerItemProxy */ = {
			isa = PBXContainerItemProxy;
			containerPortal = DB1B005D1E13E3CD00ABF2CA /* Project object */;
			proxyType = 1;
			remoteGlobalIDString = DB1B00641E13E3CD00ABF2CA;
			remoteInfo = Mocomes;
		};
/* End PBXContainerItemProxy section */

/* Begin PBXFileReference section */
		5223311C1A733CD4238F57F8 /* Pods-MocomesUITests.release.xcconfig */ = {isa = PBXFileReference; includeInIndex = 1; lastKnownFileType = text.xcconfig; name = "Pods-MocomesUITests.release.xcconfig"; path = "Pods/Target Support Files/Pods-MocomesUITests/Pods-MocomesUITests.release.xcconfig"; sourceTree = "<group>"; };
		590BF481FB4533695565642B /* Pods-MocomesTests.debug.xcconfig */ = {isa = PBXFileReference; includeInIndex = 1; lastKnownFileType = text.xcconfig; name = "Pods-MocomesTests.debug.xcconfig"; path = "Pods/Target Support Files/Pods-MocomesTests/Pods-MocomesTests.debug.xcconfig"; sourceTree = "<group>"; };
		972A0A1E5816728288BB5D8C /* Pods_Mocomes.framework */ = {isa = PBXFileReference; explicitFileType = wrapper.framework; includeInIndex = 0; path = Pods_Mocomes.framework; sourceTree = BUILT_PRODUCTS_DIR; };
		99D47FFD84CB593FBAC7232B /* Pods_MocomesUITests.framework */ = {isa = PBXFileReference; explicitFileType = wrapper.framework; includeInIndex = 0; path = Pods_MocomesUITests.framework; sourceTree = BUILT_PRODUCTS_DIR; };
		C720A04A3153F9F682D3B004 /* Pods-MocomesUITests.debug.xcconfig */ = {isa = PBXFileReference; includeInIndex = 1; lastKnownFileType = text.xcconfig; name = "Pods-MocomesUITests.debug.xcconfig"; path = "Pods/Target Support Files/Pods-MocomesUITests/Pods-MocomesUITests.debug.xcconfig"; sourceTree = "<group>"; };
		CDE4B96FED2D29BDA1CF99F6 /* Pods-Mocomes.debug.xcconfig */ = {isa = PBXFileReference; includeInIndex = 1; lastKnownFileType = text.xcconfig; name = "Pods-Mocomes.debug.xcconfig"; path = "Pods/Target Support Files/Pods-Mocomes/Pods-Mocomes.debug.xcconfig"; sourceTree = "<group>"; };
		DB1B00651E13E3CE00ABF2CA /* Mocomes.app */ = {isa = PBXFileReference; explicitFileType = wrapper.application; includeInIndex = 0; path = Mocomes.app; sourceTree = BUILT_PRODUCTS_DIR; };
		DB1B00681E13E3CE00ABF2CA /* AppDelegate.swift */ = {isa = PBXFileReference; lastKnownFileType = sourcecode.swift; path = AppDelegate.swift; sourceTree = "<group>"; };
		DB1B00721E13E3CE00ABF2CA /* Base */ = {isa = PBXFileReference; lastKnownFileType = file.storyboard; name = Base; path = Base.lproj/LaunchScreen.storyboard; sourceTree = "<group>"; };
		DB1B00741E13E3CE00ABF2CA /* Info.plist */ = {isa = PBXFileReference; lastKnownFileType = text.plist.xml; path = Info.plist; sourceTree = "<group>"; };
		DB1B00791E13E3CE00ABF2CA /* MocomesTests.xctest */ = {isa = PBXFileReference; explicitFileType = wrapper.cfbundle; includeInIndex = 0; path = MocomesTests.xctest; sourceTree = BUILT_PRODUCTS_DIR; };
		DB1B007D1E13E3CE00ABF2CA /* MocomesTests.swift */ = {isa = PBXFileReference; lastKnownFileType = sourcecode.swift; path = MocomesTests.swift; sourceTree = "<group>"; };
		DB1B007F1E13E3CE00ABF2CA /* Info.plist */ = {isa = PBXFileReference; lastKnownFileType = text.plist.xml; path = Info.plist; sourceTree = "<group>"; };
		DB1B00841E13E3CE00ABF2CA /* MocomesUITests.xctest */ = {isa = PBXFileReference; explicitFileType = wrapper.cfbundle; includeInIndex = 0; path = MocomesUITests.xctest; sourceTree = BUILT_PRODUCTS_DIR; };
		DB1B00881E13E3CE00ABF2CA /* MocomesUITests.swift */ = {isa = PBXFileReference; lastKnownFileType = sourcecode.swift; path = MocomesUITests.swift; sourceTree = "<group>"; };
		DB1B008A1E13E3CE00ABF2CA /* Info.plist */ = {isa = PBXFileReference; lastKnownFileType = text.plist.xml; path = Info.plist; sourceTree = "<group>"; };
		DBB011E71E153AE500AE2367 /* SystemConfiguration.framework */ = {isa = PBXFileReference; lastKnownFileType = wrapper.framework; name = SystemConfiguration.framework; path = System/Library/Frameworks/SystemConfiguration.framework; sourceTree = SDKROOT; };
		DBB011E91E153AF100AE2367 /* Security.framework */ = {isa = PBXFileReference; lastKnownFileType = wrapper.framework; name = Security.framework; path = System/Library/Frameworks/Security.framework; sourceTree = SDKROOT; };
		DBB011ED1E153C6C00AE2367 /* MenuScreen.swift */ = {isa = PBXFileReference; fileEncoding = 4; lastKnownFileType = sourcecode.swift; path = MenuScreen.swift; sourceTree = "<group>"; };
		DBB011F31E153D5000AE2367 /* MenuScreen.storyboard */ = {isa = PBXFileReference; fileEncoding = 4; lastKnownFileType = file.storyboard; path = MenuScreen.storyboard; sourceTree = "<group>"; };
		DBB011F71E15475A00AE2367 /* MenuTabUser.swift */ = {isa = PBXFileReference; fileEncoding = 4; lastKnownFileType = sourcecode.swift; path = MenuTabUser.swift; sourceTree = "<group>"; };
		DBB011FB1E15477900AE2367 /* MenuTabTime.swift */ = {isa = PBXFileReference; fileEncoding = 4; lastKnownFileType = sourcecode.swift; path = MenuTabTime.swift; sourceTree = "<group>"; };
		DBB011FD1E15478800AE2367 /* MenuTabSetting.swift */ = {isa = PBXFileReference; fileEncoding = 4; lastKnownFileType = sourcecode.swift; path = MenuTabSetting.swift; sourceTree = "<group>"; };
		DBD1D0BB1E14D08900C60072 /* Assets.xcassets */ = {isa = PBXFileReference; lastKnownFileType = folder.assetcatalog; path = Assets.xcassets; sourceTree = "<group>"; };
		DBD6545E1E1783C900A6968C /* GoogleService-Info.plist */ = {isa = PBXFileReference; fileEncoding = 4; lastKnownFileType = text.plist.xml; name = "GoogleService-Info.plist"; path = "../../../../Downloads/GoogleService-Info.plist"; sourceTree = "<group>"; };
		DBFB4F111E168C22004F8B8E /* MenuUserScreen.storyboard */ = {isa = PBXFileReference; fileEncoding = 4; lastKnownFileType = file.storyboard; path = MenuUserScreen.storyboard; sourceTree = "<group>"; };
		DBFB4F131E168C35004F8B8E /* MenuTalkScreen.storyboard */ = {isa = PBXFileReference; fileEncoding = 4; lastKnownFileType = file.storyboard; path = MenuTalkScreen.storyboard; sourceTree = "<group>"; };
		DBFB4F151E168C62004F8B8E /* MenuTimeScreen.storyboard */ = {isa = PBXFileReference; fileEncoding = 4; lastKnownFileType = file.storyboard; path = MenuTimeScreen.storyboard; sourceTree = "<group>"; };
		DBFB4F171E168C76004F8B8E /* MenuSettingScreen.storyboard */ = {isa = PBXFileReference; fileEncoding = 4; lastKnownFileType = file.storyboard; path = MenuSettingScreen.storyboard; sourceTree = "<group>"; };
		DBFB4F591E16BDA3004F8B8E /* TalkScreen.storyboard */ = {isa = PBXFileReference; fileEncoding = 4; lastKnownFileType = file.storyboard; path = TalkScreen.storyboard; sourceTree = "<group>"; };
		DBFB4F5B1E16BDC2004F8B8E /* TalkScreen.swift */ = {isa = PBXFileReference; fileEncoding = 4; lastKnownFileType = sourcecode.swift; path = TalkScreen.swift; sourceTree = "<group>"; };
		DBFB4F5F1E16BEA2004F8B8E /* MenuTabTalk.swift */ = {isa = PBXFileReference; fileEncoding = 4; lastKnownFileType = sourcecode.swift; path = MenuTabTalk.swift; sourceTree = "<group>"; };
		E03E2523060C6D21F513A208 /* Pods_MocomesTests.framework */ = {isa = PBXFileReference; explicitFileType = wrapper.framework; includeInIndex = 0; path = Pods_MocomesTests.framework; sourceTree = BUILT_PRODUCTS_DIR; };
		E596006722004053B3021A32 /* Pods-Mocomes.release.xcconfig */ = {isa = PBXFileReference; includeInIndex = 1; lastKnownFileType = text.xcconfig; name = "Pods-Mocomes.release.xcconfig"; path = "Pods/Target Support Files/Pods-Mocomes/Pods-Mocomes.release.xcconfig"; sourceTree = "<group>"; };
		FDB14AC7BA85C9D3CDF5F91C /* Pods-MocomesTests.release.xcconfig */ = {isa = PBXFileReference; includeInIndex = 1; lastKnownFileType = text.xcconfig; name = "Pods-MocomesTests.release.xcconfig"; path = "Pods/Target Support Files/Pods-MocomesTests/Pods-MocomesTests.release.xcconfig"; sourceTree = "<group>"; };
/* End PBXFileReference section */

/* Begin PBXFrameworksBuildPhase section */
		DB1B00621E13E3CD00ABF2CA /* Frameworks */ = {
			isa = PBXFrameworksBuildPhase;
			buildActionMask = 2147483647;
			files = (
				DBB011EA1E153AF100AE2367 /* Security.framework in Frameworks */,
				DBB011E81E153AE500AE2367 /* SystemConfiguration.framework in Frameworks */,
				33CA5A586DF41EE9CB80B318 /* Pods_Mocomes.framework in Frameworks */,
			);
			runOnlyForDeploymentPostprocessing = 0;
		};
		DB1B00761E13E3CE00ABF2CA /* Frameworks */ = {
			isa = PBXFrameworksBuildPhase;
			buildActionMask = 2147483647;
			files = (
				C7A1358F73A045044FEA66E0 /* Pods_MocomesTests.framework in Frameworks */,
			);
			runOnlyForDeploymentPostprocessing = 0;
		};
		DB1B00811E13E3CE00ABF2CA /* Frameworks */ = {
			isa = PBXFrameworksBuildPhase;
			buildActionMask = 2147483647;
			files = (
				BDB5B847C71B4B348C58BC0E /* Pods_MocomesUITests.framework in Frameworks */,
			);
			runOnlyForDeploymentPostprocessing = 0;
		};
/* End PBXFrameworksBuildPhase section */

/* Begin PBXGroup section */
		5A1AA4537D4C1AE0D68249DD /* Pods */ = {
			isa = PBXGroup;
			children = (
				CDE4B96FED2D29BDA1CF99F6 /* Pods-Mocomes.debug.xcconfig */,
				E596006722004053B3021A32 /* Pods-Mocomes.release.xcconfig */,
				590BF481FB4533695565642B /* Pods-MocomesTests.debug.xcconfig */,
				FDB14AC7BA85C9D3CDF5F91C /* Pods-MocomesTests.release.xcconfig */,
				C720A04A3153F9F682D3B004 /* Pods-MocomesUITests.debug.xcconfig */,
				5223311C1A733CD4238F57F8 /* Pods-MocomesUITests.release.xcconfig */,
			);
			name = Pods;
			sourceTree = "<group>";
		};
		A99C850147963884265DEF15 /* Frameworks */ = {
			isa = PBXGroup;
			children = (
				DBB011E91E153AF100AE2367 /* Security.framework */,
				DBB011E71E153AE500AE2367 /* SystemConfiguration.framework */,
				972A0A1E5816728288BB5D8C /* Pods_Mocomes.framework */,
				E03E2523060C6D21F513A208 /* Pods_MocomesTests.framework */,
				99D47FFD84CB593FBAC7232B /* Pods_MocomesUITests.framework */,
			);
			name = Frameworks;
			sourceTree = "<group>";
		};
		DB1B005C1E13E3CD00ABF2CA = {
			isa = PBXGroup;
			children = (
				DB1B00671E13E3CE00ABF2CA /* Mocomes */,
				DB1B007C1E13E3CE00ABF2CA /* MocomesTests */,
				DB1B00871E13E3CE00ABF2CA /* MocomesUITests */,
				DB1B00661E13E3CE00ABF2CA /* Products */,
				5A1AA4537D4C1AE0D68249DD /* Pods */,
				A99C850147963884265DEF15 /* Frameworks */,
			);
			sourceTree = "<group>";
		};
		DB1B00661E13E3CE00ABF2CA /* Products */ = {
			isa = PBXGroup;
			children = (
				DB1B00651E13E3CE00ABF2CA /* Mocomes.app */,
				DB1B00791E13E3CE00ABF2CA /* MocomesTests.xctest */,
				DB1B00841E13E3CE00ABF2CA /* MocomesUITests.xctest */,
			);
			name = Products;
			sourceTree = "<group>";
		};
		DB1B00671E13E3CE00ABF2CA /* Mocomes */ = {
			isa = PBXGroup;
			children = (
				DB1B00971E13ECA200ABF2CA /* Menu */,
				DBFB4F101E168BDB004F8B8E /* MenuSettingScreen */,
				DBFB4F0F1E168B9E004F8B8E /* MenuTimeLineScreen */,
				DBFB4F0E1E168B8A004F8B8E /* MenuTalkScreen */,
				DBFB4F581E16BD71004F8B8E /* TalkScreen */,
				DBFB4F0D1E168B7D004F8B8E /* MenuUserScreen */,
				DB1B00961E13EC2900ABF2CA /* Basics */,
				DBD1D0BB1E14D08900C60072 /* Assets.xcassets */,
			);
			path = Mocomes;
			sourceTree = "<group>";
		};
		DB1B007C1E13E3CE00ABF2CA /* MocomesTests */ = {
			isa = PBXGroup;
			children = (
				DB1B007D1E13E3CE00ABF2CA /* MocomesTests.swift */,
				DB1B007F1E13E3CE00ABF2CA /* Info.plist */,
			);
			path = MocomesTests;
			sourceTree = "<group>";
		};
		DB1B00871E13E3CE00ABF2CA /* MocomesUITests */ = {
			isa = PBXGroup;
			children = (
				DB1B00881E13E3CE00ABF2CA /* MocomesUITests.swift */,
				DB1B008A1E13E3CE00ABF2CA /* Info.plist */,
			);
			path = MocomesUITests;
			sourceTree = "<group>";
		};
		DB1B00961E13EC2900ABF2CA /* Basics */ = {
			isa = PBXGroup;
			children = (
				DB1B00681E13E3CE00ABF2CA /* AppDelegate.swift */,
				DB1B00711E13E3CE00ABF2CA /* LaunchScreen.storyboard */,
				DB1B00741E13E3CE00ABF2CA /* Info.plist */,
				DBD6545E1E1783C900A6968C /* GoogleService-Info.plist */,
			);
			name = Basics;
			sourceTree = "<group>";
		};
		DB1B00971E13ECA200ABF2CA /* Menu */ = {
			isa = PBXGroup;
			children = (
				DBB011ED1E153C6C00AE2367 /* MenuScreen.swift */,
				DBB011F31E153D5000AE2367 /* MenuScreen.storyboard */,
			);
			name = Menu;
			sourceTree = "<group>";
		};
		DBFB4F0D1E168B7D004F8B8E /* MenuUserScreen */ = {
			isa = PBXGroup;
			children = (
				DBB011F71E15475A00AE2367 /* MenuTabUser.swift */,
				DBFB4F111E168C22004F8B8E /* MenuUserScreen.storyboard */,
			);
			name = MenuUserScreen;
			sourceTree = "<group>";
		};
		DBFB4F0E1E168B8A004F8B8E /* MenuTalkScreen */ = {
			isa = PBXGroup;
			children = (
				DBFB4F5F1E16BEA2004F8B8E /* MenuTabTalk.swift */,
				DBFB4F131E168C35004F8B8E /* MenuTalkScreen.storyboard */,
			);
			name = MenuTalkScreen;
			sourceTree = "<group>";
		};
		DBFB4F0F1E168B9E004F8B8E /* MenuTimeLineScreen */ = {
			isa = PBXGroup;
			children = (
				DBB011FB1E15477900AE2367 /* MenuTabTime.swift */,
				DBFB4F151E168C62004F8B8E /* MenuTimeScreen.storyboard */,
			);
			name = MenuTimeLineScreen;
			sourceTree = "<group>";
		};
		DBFB4F101E168BDB004F8B8E /* MenuSettingScreen */ = {
			isa = PBXGroup;
			children = (
				DBB011FD1E15478800AE2367 /* MenuTabSetting.swift */,
				DBFB4F171E168C76004F8B8E /* MenuSettingScreen.storyboard */,
			);
			name = MenuSettingScreen;
			sourceTree = "<group>";
		};
		DBFB4F581E16BD71004F8B8E /* TalkScreen */ = {
			isa = PBXGroup;
			children = (
				DBFB4F5B1E16BDC2004F8B8E /* TalkScreen.swift */,
				DBFB4F591E16BDA3004F8B8E /* TalkScreen.storyboard */,
			);
			name = TalkScreen;
			sourceTree = "<group>";
		};
/* End PBXGroup section */

/* Begin PBXNativeTarget section */
		DB1B00641E13E3CD00ABF2CA /* Mocomes */ = {
			isa = PBXNativeTarget;
			buildConfigurationList = DB1B008D1E13E3CE00ABF2CA /* Build configuration list for PBXNativeTarget "Mocomes" */;
			buildPhases = (
				9EA0DBBDA34ACC612AF80E4D /* [CP] Check Pods Manifest.lock */,
				DB1B00611E13E3CD00ABF2CA /* Sources */,
				DB1B00621E13E3CD00ABF2CA /* Frameworks */,
				DB1B00631E13E3CD00ABF2CA /* Resources */,
				DA71CE717002F95D37FD7109 /* [CP] Embed Pods Frameworks */,
				ECAED62E4941B2A94B75938B /* [CP] Copy Pods Resources */,
			);
			buildRules = (
			);
			dependencies = (
			);
			name = Mocomes;
			productName = Mocomes;
			productReference = DB1B00651E13E3CE00ABF2CA /* Mocomes.app */;
			productType = "com.apple.product-type.application";
		};
		DB1B00781E13E3CE00ABF2CA /* MocomesTests */ = {
			isa = PBXNativeTarget;
			buildConfigurationList = DB1B00901E13E3CE00ABF2CA /* Build configuration list for PBXNativeTarget "MocomesTests" */;
			buildPhases = (
				A8F5DBF5D689B2B4FD831119 /* [CP] Check Pods Manifest.lock */,
				DB1B00751E13E3CE00ABF2CA /* Sources */,
				DB1B00761E13E3CE00ABF2CA /* Frameworks */,
				DB1B00771E13E3CE00ABF2CA /* Resources */,
				5771CCD00FD91F35FAC5A431 /* [CP] Embed Pods Frameworks */,
				9D6549DAECF427D434B1870C /* [CP] Copy Pods Resources */,
			);
			buildRules = (
			);
			dependencies = (
				DB1B007B1E13E3CE00ABF2CA /* PBXTargetDependency */,
			);
			name = MocomesTests;
			productName = MocomesTests;
			productReference = DB1B00791E13E3CE00ABF2CA /* MocomesTests.xctest */;
			productType = "com.apple.product-type.bundle.unit-test";
		};
		DB1B00831E13E3CE00ABF2CA /* MocomesUITests */ = {
			isa = PBXNativeTarget;
			buildConfigurationList = DB1B00931E13E3CE00ABF2CA /* Build configuration list for PBXNativeTarget "MocomesUITests" */;
			buildPhases = (
				2402F704CBF7087EAE35FE9B /* [CP] Check Pods Manifest.lock */,
				DB1B00801E13E3CE00ABF2CA /* Sources */,
				DB1B00811E13E3CE00ABF2CA /* Frameworks */,
				DB1B00821E13E3CE00ABF2CA /* Resources */,
				B41E2D860D374FEA6123391B /* [CP] Embed Pods Frameworks */,
				E26B719E0B9D873BD8146307 /* [CP] Copy Pods Resources */,
			);
			buildRules = (
			);
			dependencies = (
				DB1B00861E13E3CE00ABF2CA /* PBXTargetDependency */,
			);
			name = MocomesUITests;
			productName = MocomesUITests;
			productReference = DB1B00841E13E3CE00ABF2CA /* MocomesUITests.xctest */;
			productType = "com.apple.product-type.bundle.ui-testing";
		};
/* End PBXNativeTarget section */

/* Begin PBXProject section */
		DB1B005D1E13E3CD00ABF2CA /* Project object */ = {
			isa = PBXProject;
			attributes = {
				LastSwiftUpdateCheck = 0820;
				LastUpgradeCheck = 0820;
				ORGANIZATIONNAME = ytzuki;
				TargetAttributes = {
					DB1B00641E13E3CD00ABF2CA = {
						CreatedOnToolsVersion = 8.2.1;
						DevelopmentTeam = KPET473WUQ;
						ProvisioningStyle = Automatic;
					};
					DB1B00781E13E3CE00ABF2CA = {
						CreatedOnToolsVersion = 8.2.1;
						ProvisioningStyle = Automatic;
						TestTargetID = DB1B00641E13E3CD00ABF2CA;
					};
					DB1B00831E13E3CE00ABF2CA = {
						CreatedOnToolsVersion = 8.2.1;
						ProvisioningStyle = Automatic;
						TestTargetID = DB1B00641E13E3CD00ABF2CA;
					};
				};
			};
			buildConfigurationList = DB1B00601E13E3CD00ABF2CA /* Build configuration list for PBXProject "Mocomes" */;
			compatibilityVersion = "Xcode 3.2";
			developmentRegion = English;
			hasScannedForEncodings = 0;
			knownRegions = (
				en,
				Base,
			);
			mainGroup = DB1B005C1E13E3CD00ABF2CA;
			productRefGroup = DB1B00661E13E3CE00ABF2CA /* Products */;
			projectDirPath = "";
			projectRoot = "";
			targets = (
				DB1B00641E13E3CD00ABF2CA /* Mocomes */,
				DB1B00781E13E3CE00ABF2CA /* MocomesTests */,
				DB1B00831E13E3CE00ABF2CA /* MocomesUITests */,
			);
		};
/* End PBXProject section */

/* Begin PBXResourcesBuildPhase section */
		DB1B00631E13E3CD00ABF2CA /* Resources */ = {
			isa = PBXResourcesBuildPhase;
			buildActionMask = 2147483647;
			files = (
				DBFB4F5A1E16BDA3004F8B8E /* TalkScreen.storyboard in Resources */,
				DBFB4F121E168C22004F8B8E /* MenuUserScreen.storyboard in Resources */,
				DBD6545F1E1783C900A6968C /* GoogleService-Info.plist in Resources */,
				DBFB4F141E168C35004F8B8E /* MenuTalkScreen.storyboard in Resources */,
				DBFB4F161E168C62004F8B8E /* MenuTimeScreen.storyboard in Resources */,
				DB1B00731E13E3CE00ABF2CA /* LaunchScreen.storyboard in Resources */,
				DBD1D0BC1E14D08900C60072 /* Assets.xcassets in Resources */,
				DBB011F41E153D5000AE2367 /* MenuScreen.storyboard in Resources */,
				DBFB4F181E168C76004F8B8E /* MenuSettingScreen.storyboard in Resources */,
			);
			runOnlyForDeploymentPostprocessing = 0;
		};
		DB1B00771E13E3CE00ABF2CA /* Resources */ = {
			isa = PBXResourcesBuildPhase;
			buildActionMask = 2147483647;
			files = (
			);
			runOnlyForDeploymentPostprocessing = 0;
		};
		DB1B00821E13E3CE00ABF2CA /* Resources */ = {
			isa = PBXResourcesBuildPhase;
			buildActionMask = 2147483647;
			files = (
			);
			runOnlyForDeploymentPostprocessing = 0;
		};
/* End PBXResourcesBuildPhase section */

/* Begin PBXShellScriptBuildPhase section */
		2402F704CBF7087EAE35FE9B /* [CP] Check Pods Manifest.lock */ = {
			isa = PBXShellScriptBuildPhase;
			buildActionMask = 2147483647;
			files = (
			);
			inputPaths = (
			);
			name = "[CP] Check Pods Manifest.lock";
			outputPaths = (
			);
			runOnlyForDeploymentPostprocessing = 0;
			shellPath = /bin/sh;
			shellScript = "diff \"${PODS_ROOT}/../Podfile.lock\" \"${PODS_ROOT}/Manifest.lock\" > /dev/null\nif [ $? != 0 ] ; then\n    # print error to STDERR\n    echo \"error: The sandbox is not in sync with the Podfile.lock. Run 'pod install' or update your CocoaPods installation.\" >&2\n    exit 1\nfi\n";
			showEnvVarsInLog = 0;
		};
		5771CCD00FD91F35FAC5A431 /* [CP] Embed Pods Frameworks */ = {
			isa = PBXShellScriptBuildPhase;
			buildActionMask = 2147483647;
			files = (
			);
			inputPaths = (
			);
			name = "[CP] Embed Pods Frameworks";
			outputPaths = (
			);
			runOnlyForDeploymentPostprocessing = 0;
			shellPath = /bin/sh;
			shellScript = "\"${SRCROOT}/Pods/Target Support Files/Pods-MocomesTests/Pods-MocomesTests-frameworks.sh\"\n";
			showEnvVarsInLog = 0;
		};
		9D6549DAECF427D434B1870C /* [CP] Copy Pods Resources */ = {
			isa = PBXShellScriptBuildPhase;
			buildActionMask = 2147483647;
			files = (
			);
			inputPaths = (
			);
			name = "[CP] Copy Pods Resources";
			outputPaths = (
			);
			runOnlyForDeploymentPostprocessing = 0;
			shellPath = /bin/sh;
			shellScript = "\"${SRCROOT}/Pods/Target Support Files/Pods-MocomesTests/Pods-MocomesTests-resources.sh\"\n";
			showEnvVarsInLog = 0;
		};
		9EA0DBBDA34ACC612AF80E4D /* [CP] Check Pods Manifest.lock */ = {
			isa = PBXShellScriptBuildPhase;
			buildActionMask = 2147483647;
			files = (
			);
			inputPaths = (
			);
			name = "[CP] Check Pods Manifest.lock";
			outputPaths = (
			);
			runOnlyForDeploymentPostprocessing = 0;
			shellPath = /bin/sh;
			shellScript = "diff \"${PODS_ROOT}/../Podfile.lock\" \"${PODS_ROOT}/Manifest.lock\" > /dev/null\nif [ $? != 0 ] ; then\n    # print error to STDERR\n    echo \"error: The sandbox is not in sync with the Podfile.lock. Run 'pod install' or update your CocoaPods installation.\" >&2\n    exit 1\nfi\n";
			showEnvVarsInLog = 0;
		};
		A8F5DBF5D689B2B4FD831119 /* [CP] Check Pods Manifest.lock */ = {
			isa = PBXShellScriptBuildPhase;
			buildActionMask = 2147483647;
			files = (
			);
			inputPaths = (
			);
			name = "[CP] Check Pods Manifest.lock";
			outputPaths = (
			);
			runOnlyForDeploymentPostprocessing = 0;
			shellPath = /bin/sh;
			shellScript = "diff \"${PODS_ROOT}/../Podfile.lock\" \"${PODS_ROOT}/Manifest.lock\" > /dev/null\nif [ $? != 0 ] ; then\n    # print error to STDERR\n    echo \"error: The sandbox is not in sync with the Podfile.lock. Run 'pod install' or update your CocoaPods installation.\" >&2\n    exit 1\nfi\n";
			showEnvVarsInLog = 0;
		};
		B41E2D860D374FEA6123391B /* [CP] Embed Pods Frameworks */ = {
			isa = PBXShellScriptBuildPhase;
			buildActionMask = 2147483647;
			files = (
			);
			inputPaths = (
			);
			name = "[CP] Embed Pods Frameworks";
			outputPaths = (
			);
			runOnlyForDeploymentPostprocessing = 0;
			shellPath = /bin/sh;
			shellScript = "\"${SRCROOT}/Pods/Target Support Files/Pods-MocomesUITests/Pods-MocomesUITests-frameworks.sh\"\n";
			showEnvVarsInLog = 0;
		};
		DA71CE717002F95D37FD7109 /* [CP] Embed Pods Frameworks */ = {
			isa = PBXShellScriptBuildPhase;
			buildActionMask = 2147483647;
			files = (
			);
			inputPaths = (
			);
			name = "[CP] Embed Pods Frameworks";
			outputPaths = (
			);
			runOnlyForDeploymentPostprocessing = 0;
			shellPath = /bin/sh;
			shellScript = "\"${SRCROOT}/Pods/Target Support Files/Pods-Mocomes/Pods-Mocomes-frameworks.sh\"\n";
			showEnvVarsInLog = 0;
		};
		E26B719E0B9D873BD8146307 /* [CP] Copy Pods Resources */ = {
			isa = PBXShellScriptBuildPhase;
			buildActionMask = 2147483647;
			files = (
			);
			inputPaths = (
			);
			name = "[CP] Copy Pods Resources";
			outputPaths = (
			);
			runOnlyForDeploymentPostprocessing = 0;
			shellPath = /bin/sh;
			shellScript = "\"${SRCROOT}/Pods/Target Support Files/Pods-MocomesUITests/Pods-MocomesUITests-resources.sh\"\n";
			showEnvVarsInLog = 0;
		};
		ECAED62E4941B2A94B75938B /* [CP] Copy Pods Resources */ = {
			isa = PBXShellScriptBuildPhase;
			buildActionMask = 2147483647;
			files = (
			);
			inputPaths = (
			);
			name = "[CP] Copy Pods Resources";
			outputPaths = (
			);
			runOnlyForDeploymentPostprocessing = 0;
			shellPath = /bin/sh;
			shellScript = "\"${SRCROOT}/Pods/Target Support Files/Pods-Mocomes/Pods-Mocomes-resources.sh\"\n";
			showEnvVarsInLog = 0;
		};
/* End PBXShellScriptBuildPhase section */

/* Begin PBXSourcesBuildPhase section */
		DB1B00611E13E3CD00ABF2CA /* Sources */ = {
			isa = PBXSourcesBuildPhase;
			buildActionMask = 2147483647;
			files = (
				DBB011FE1E15478800AE2367 /* MenuTabSetting.swift in Sources */,
				DBB011EE1E153C6C00AE2367 /* MenuScreen.swift in Sources */,
				DBFB4F5C1E16BDC2004F8B8E /* TalkScreen.swift in Sources */,
				DBB011FC1E15477900AE2367 /* MenuTabTime.swift in Sources */,
				DBFB4F601E16BEA2004F8B8E /* MenuTabTalk.swift in Sources */,
				DB1B00691E13E3CE00ABF2CA /* AppDelegate.swift in Sources */,
				DBB011F81E15475A00AE2367 /* MenuTabUser.swift in Sources */,
			);
			runOnlyForDeploymentPostprocessing = 0;
		};
		DB1B00751E13E3CE00ABF2CA /* Sources */ = {
			isa = PBXSourcesBuildPhase;
			buildActionMask = 2147483647;
			files = (
				DB1B007E1E13E3CE00ABF2CA /* MocomesTests.swift in Sources */,
			);
			runOnlyForDeploymentPostprocessing = 0;
		};
		DB1B00801E13E3CE00ABF2CA /* Sources */ = {
			isa = PBXSourcesBuildPhase;
			buildActionMask = 2147483647;
			files = (
				DB1B00891E13E3CE00ABF2CA /* MocomesUITests.swift in Sources */,
			);
			runOnlyForDeploymentPostprocessing = 0;
		};
/* End PBXSourcesBuildPhase section */

/* Begin PBXTargetDependency section */
		DB1B007B1E13E3CE00ABF2CA /* PBXTargetDependency */ = {
			isa = PBXTargetDependency;
			target = DB1B00641E13E3CD00ABF2CA /* Mocomes */;
			targetProxy = DB1B007A1E13E3CE00ABF2CA /* PBXContainerItemProxy */;
		};
		DB1B00861E13E3CE00ABF2CA /* PBXTargetDependency */ = {
			isa = PBXTargetDependency;
			target = DB1B00641E13E3CD00ABF2CA /* Mocomes */;
			targetProxy = DB1B00851E13E3CE00ABF2CA /* PBXContainerItemProxy */;
		};
/* End PBXTargetDependency section */

/* Begin PBXVariantGroup section */
		DB1B00711E13E3CE00ABF2CA /* LaunchScreen.storyboard */ = {
			isa = PBXVariantGroup;
			children = (
				DB1B00721E13E3CE00ABF2CA /* Base */,
			);
			name = LaunchScreen.storyboard;
			sourceTree = "<group>";
		};
/* End PBXVariantGroup section */

/* Begin XCBuildConfiguration section */
		DB1B008B1E13E3CE00ABF2CA /* Debug */ = {
			isa = XCBuildConfiguration;
			buildSettings = {
				ALWAYS_EMBED_SWIFT_STANDARD_LIBRARIES = NO;
				ALWAYS_SEARCH_USER_PATHS = NO;
				CLANG_ANALYZER_NONNULL = YES;
				CLANG_CXX_LANGUAGE_STANDARD = "gnu++0x";
				CLANG_CXX_LIBRARY = "libc++";
				CLANG_ENABLE_MODULES = YES;
				CLANG_ENABLE_OBJC_ARC = YES;
				CLANG_WARN_BOOL_CONVERSION = YES;
				CLANG_WARN_CONSTANT_CONVERSION = YES;
				CLANG_WARN_DIRECT_OBJC_ISA_USAGE = YES_ERROR;
				CLANG_WARN_DOCUMENTATION_COMMENTS = YES;
				CLANG_WARN_EMPTY_BODY = YES;
				CLANG_WARN_ENUM_CONVERSION = YES;
				CLANG_WARN_INFINITE_RECURSION = YES;
				CLANG_WARN_INT_CONVERSION = YES;
				CLANG_WARN_OBJC_ROOT_CLASS = YES_ERROR;
				CLANG_WARN_SUSPICIOUS_MOVE = YES;
				CLANG_WARN_UNREACHABLE_CODE = YES;
				CLANG_WARN__DUPLICATE_METHOD_MATCH = YES;
				"CODE_SIGN_IDENTITY[sdk=iphoneos*]" = "iPhone Developer";
				COPY_PHASE_STRIP = NO;
				DEBUG_INFORMATION_FORMAT = dwarf;
				ENABLE_STRICT_OBJC_MSGSEND = YES;
				ENABLE_TESTABILITY = YES;
				GCC_C_LANGUAGE_STANDARD = gnu99;
				GCC_DYNAMIC_NO_PIC = NO;
				GCC_NO_COMMON_BLOCKS = YES;
				GCC_OPTIMIZATION_LEVEL = 0;
				GCC_PREPROCESSOR_DEFINITIONS = (
					"DEBUG=1",
					"$(inherited)",
				);
				GCC_WARN_64_TO_32_BIT_CONVERSION = YES;
				GCC_WARN_ABOUT_RETURN_TYPE = YES_ERROR;
				GCC_WARN_UNDECLARED_SELECTOR = YES;
				GCC_WARN_UNINITIALIZED_AUTOS = YES_AGGRESSIVE;
				GCC_WARN_UNUSED_FUNCTION = YES;
				GCC_WARN_UNUSED_VARIABLE = YES;
				GENERATE_PKGINFO_FILE = YES;
				INFOPLIST_FILE = Mocomes/Info.plist;
				IPHONEOS_DEPLOYMENT_TARGET = 10.2;
				LD_RUNPATH_SEARCH_PATHS = "$(inherited) @executable_path/Frameworks";
				MACH_O_TYPE = mh_execute;
				MTL_ENABLE_DEBUG_INFO = YES;
				ONLY_ACTIVE_ARCH = YES;
				OTHER_LDFLAGS = "$(inherited)";
				SDKROOT = iphoneos;
				SWIFT_ACTIVE_COMPILATION_CONDITIONS = DEBUG;
				SWIFT_OPTIMIZATION_LEVEL = "-Onone";
				TARGETED_DEVICE_FAMILY = "1,2";
			};
			name = Debug;
		};
		DB1B008C1E13E3CE00ABF2CA /* Release */ = {
			isa = XCBuildConfiguration;
			buildSettings = {
				ALWAYS_EMBED_SWIFT_STANDARD_LIBRARIES = NO;
				ALWAYS_SEARCH_USER_PATHS = NO;
				CLANG_ANALYZER_NONNULL = YES;
				CLANG_CXX_LANGUAGE_STANDARD = "gnu++0x";
				CLANG_CXX_LIBRARY = "libc++";
				CLANG_ENABLE_MODULES = YES;
				CLANG_ENABLE_OBJC_ARC = YES;
				CLANG_WARN_BOOL_CONVERSION = YES;
				CLANG_WARN_CONSTANT_CONVERSION = YES;
				CLANG_WARN_DIRECT_OBJC_ISA_USAGE = YES_ERROR;
				CLANG_WARN_DOCUMENTATION_COMMENTS = YES;
				CLANG_WARN_EMPTY_BODY = YES;
				CLANG_WARN_ENUM_CONVERSION = YES;
				CLANG_WARN_INFINITE_RECURSION = YES;
				CLANG_WARN_INT_CONVERSION = YES;
				CLANG_WARN_OBJC_ROOT_CLASS = YES_ERROR;
				CLANG_WARN_SUSPICIOUS_MOVE = YES;
				CLANG_WARN_UNREACHABLE_CODE = YES;
				CLANG_WARN__DUPLICATE_METHOD_MATCH = YES;
				"CODE_SIGN_IDENTITY[sdk=iphoneos*]" = "iPhone Developer";
				COPY_PHASE_STRIP = NO;
				DEBUG_INFORMATION_FORMAT = "dwarf-with-dsym";
				ENABLE_NS_ASSERTIONS = NO;
				ENABLE_STRICT_OBJC_MSGSEND = YES;
				GCC_C_LANGUAGE_STANDARD = gnu99;
				GCC_NO_COMMON_BLOCKS = YES;
				GCC_WARN_64_TO_32_BIT_CONVERSION = YES;
				GCC_WARN_ABOUT_RETURN_TYPE = YES_ERROR;
				GCC_WARN_UNDECLARED_SELECTOR = YES;
				GCC_WARN_UNINITIALIZED_AUTOS = YES_AGGRESSIVE;
				GCC_WARN_UNUSED_FUNCTION = YES;
				GCC_WARN_UNUSED_VARIABLE = YES;
				GENERATE_PKGINFO_FILE = YES;
				INFOPLIST_FILE = Mocomes/Info.plist;
				IPHONEOS_DEPLOYMENT_TARGET = 10.2;
				LD_RUNPATH_SEARCH_PATHS = "$(inherited) @executable_path/Frameworks";
				MACH_O_TYPE = mh_execute;
				MTL_ENABLE_DEBUG_INFO = NO;
				OTHER_LDFLAGS = "$(inherited)";
				SDKROOT = iphoneos;
				SWIFT_OPTIMIZATION_LEVEL = "-Owholemodule";
				TARGETED_DEVICE_FAMILY = "1,2";
				VALIDATE_PRODUCT = YES;
			};
			name = Release;
		};
		DB1B008E1E13E3CE00ABF2CA /* Debug */ = {
			isa = XCBuildConfiguration;
			baseConfigurationReference = CDE4B96FED2D29BDA1CF99F6 /* Pods-Mocomes.debug.xcconfig */;
			buildSettings = {
				ALWAYS_EMBED_SWIFT_STANDARD_LIBRARIES = YES;
				ASSETCATALOG_COMPILER_APPICON_NAME = AppIcon;
				DEVELOPMENT_TEAM = KPET473WUQ;
				FRAMEWORK_SEARCH_PATHS = "$(inherited)";
				GCC_OPTIMIZATION_LEVEL = 0;
				INFOPLIST_FILE = Mocomes/Info.plist;
				LD_RUNPATH_SEARCH_PATHS = "$(inherited) @executable_path/Frameworks";
				MACH_O_TYPE = mh_execute;
				OTHER_LIBTOOLFLAGS = "";
				PRODUCT_BUNDLE_IDENTIFIER = YutaroSuzuki.Mocomes;
				PRODUCT_NAME = "$(TARGET_NAME)";
				RESOURCES_TARGETED_DEVICE_FAMILY = "";
				SWIFT_VERSION = 3.0;
				TARGETED_DEVICE_FAMILY = "1,2";
			};
			name = Debug;
		};
		DB1B008F1E13E3CE00ABF2CA /* Release */ = {
			isa = XCBuildConfiguration;
			baseConfigurationReference = E596006722004053B3021A32 /* Pods-Mocomes.release.xcconfig */;
			buildSettings = {
				ALWAYS_EMBED_SWIFT_STANDARD_LIBRARIES = YES;
				ASSETCATALOG_COMPILER_APPICON_NAME = AppIcon;
				DEVELOPMENT_TEAM = KPET473WUQ;
				FRAMEWORK_SEARCH_PATHS = "$(inherited)";
				INFOPLIST_FILE = Mocomes/Info.plist;
				LD_RUNPATH_SEARCH_PATHS = "$(inherited) @executable_path/Frameworks";
				MACH_O_TYPE = mh_execute;
				OTHER_LIBTOOLFLAGS = "";
				PRODUCT_BUNDLE_IDENTIFIER = YutaroSuzuki.Mocomes;
				PRODUCT_NAME = "$(TARGET_NAME)";
				RESOURCES_TARGETED_DEVICE_FAMILY = "";
				SWIFT_VERSION = 3.0;
				TARGETED_DEVICE_FAMILY = "1,2";
			};
			name = Release;
		};
		DB1B00911E13E3CE00ABF2CA /* Debug */ = {
			isa = XCBuildConfiguration;
			baseConfigurationReference = 590BF481FB4533695565642B /* Pods-MocomesTests.debug.xcconfig */;
			buildSettings = {
				ALWAYS_EMBED_SWIFT_STANDARD_LIBRARIES = YES;
				BUNDLE_LOADER = "$(TEST_HOST)";
				INFOPLIST_FILE = MocomesTests/Info.plist;
				LD_RUNPATH_SEARCH_PATHS = "$(inherited) @executable_path/Frameworks @loader_path/Frameworks";
				PRODUCT_BUNDLE_IDENTIFIER = YutaroSuzuki.MocomesTests;
				PRODUCT_NAME = "$(TARGET_NAME)";
				SWIFT_VERSION = 3.0;
				TEST_HOST = "$(BUILT_PRODUCTS_DIR)/Mocomes.app/Mocomes";
			};
			name = Debug;
		};
		DB1B00921E13E3CE00ABF2CA /* Release */ = {
			isa = XCBuildConfiguration;
			baseConfigurationReference = FDB14AC7BA85C9D3CDF5F91C /* Pods-MocomesTests.release.xcconfig */;
			buildSettings = {
				ALWAYS_EMBED_SWIFT_STANDARD_LIBRARIES = YES;
				BUNDLE_LOADER = "$(TEST_HOST)";
				INFOPLIST_FILE = MocomesTests/Info.plist;
				LD_RUNPATH_SEARCH_PATHS = "$(inherited) @executable_path/Frameworks @loader_path/Frameworks";
				PRODUCT_BUNDLE_IDENTIFIER = YutaroSuzuki.MocomesTests;
				PRODUCT_NAME = "$(TARGET_NAME)";
				SWIFT_VERSION = 3.0;
				TEST_HOST = "$(BUILT_PRODUCTS_DIR)/Mocomes.app/Mocomes";
			};
			name = Release;
		};
		DB1B00941E13E3CE00ABF2CA /* Debug */ = {
			isa = XCBuildConfiguration;
			baseConfigurationReference = C720A04A3153F9F682D3B004 /* Pods-MocomesUITests.debug.xcconfig */;
			buildSettings = {
				ALWAYS_EMBED_SWIFT_STANDARD_LIBRARIES = YES;
				INFOPLIST_FILE = MocomesUITests/Info.plist;
				LD_RUNPATH_SEARCH_PATHS = "$(inherited) @executable_path/Frameworks @loader_path/Frameworks";
				PRODUCT_BUNDLE_IDENTIFIER = YutaroSuzuki.MocomesUITests;
				PRODUCT_NAME = "$(TARGET_NAME)";
				SWIFT_VERSION = 3.0;
				TEST_TARGET_NAME = Mocomes;
			};
			name = Debug;
		};
		DB1B00951E13E3CE00ABF2CA /* Release */ = {
			isa = XCBuildConfiguration;
			baseConfigurationReference = 5223311C1A733CD4238F57F8 /* Pods-MocomesUITests.release.xcconfig */;
			buildSettings = {
				ALWAYS_EMBED_SWIFT_STANDARD_LIBRARIES = YES;
				INFOPLIST_FILE = MocomesUITests/Info.plist;
				LD_RUNPATH_SEARCH_PATHS = "$(inherited) @executable_path/Frameworks @loader_path/Frameworks";
				PRODUCT_BUNDLE_IDENTIFIER = YutaroSuzuki.MocomesUITests;
				PRODUCT_NAME = "$(TARGET_NAME)";
				SWIFT_VERSION = 3.0;
				TEST_TARGET_NAME = Mocomes;
			};
			name = Release;
		};
/* End XCBuildConfiguration section */

/* Begin XCConfigurationList section */
		DB1B00601E13E3CD00ABF2CA /* Build configuration list for PBXProject "Mocomes" */ = {
			isa = XCConfigurationList;
			buildConfigurations = (
				DB1B008B1E13E3CE00ABF2CA /* Debug */,
				DB1B008C1E13E3CE00ABF2CA /* Release */,
			);
			defaultConfigurationIsVisible = 0;
			defaultConfigurationName = Release;
		};
		DB1B008D1E13E3CE00ABF2CA /* Build configuration list for PBXNativeTarget "Mocomes" */ = {
			isa = XCConfigurationList;
			buildConfigurations = (
				DB1B008E1E13E3CE00ABF2CA /* Debug */,
				DB1B008F1E13E3CE00ABF2CA /* Release */,
			);
			defaultConfigurationIsVisible = 0;
			defaultConfigurationName = Release;
		};
		DB1B00901E13E3CE00ABF2CA /* Build configuration list for PBXNativeTarget "MocomesTests" */ = {
			isa = XCConfigurationList;
			buildConfigurations = (
				DB1B00911E13E3CE00ABF2CA /* Debug */,
				DB1B00921E13E3CE00ABF2CA /* Release */,
			);
			defaultConfigurationIsVisible = 0;
			defaultConfigurationName = Release;
		};
		DB1B00931E13E3CE00ABF2CA /* Build configuration list for PBXNativeTarget "MocomesUITests" */ = {
			isa = XCConfigurationList;
			buildConfigurations = (
				DB1B00941E13E3CE00ABF2CA /* Debug */,
				DB1B00951E13E3CE00ABF2CA /* Release */,
			);
			defaultConfigurationIsVisible = 0;
			defaultConfigurationName = Release;
		};
/* End XCConfigurationList section */
	};
	rootObject = DB1B005D1E13E3CD00ABF2CA /* Project object */;
}
