PODS:
  - Alamofire (4.0.1)
  - JSQMessagesViewController (7.3.4):
    - JSQSystemSoundPlayer (~> 2.0.1)
  - JSQSystemSoundPlayer (2.0.1)
  - MMPopLabel (0.1.3)
  - RAMAnimatedTabBarController (2.1.1)
  - RKNotificationHub (2.0.4)
  - SwiftyDropbox (4.1.1):
    - Alamofire (~> 4.0.1)
  - SwiftyJSON (3.1.3)

DEPENDENCIES:
  - Alamofire
  - JSQMessagesViewController
  - MMPopLabel
  - RAMAnimatedTabBarController
  - RKNotificationHub
  - SwiftyDropbox
  - SwiftyJSON

SPEC CHECKSUMS:
  Alamofire: 7682d43245de14874acd142ec137b144aa1dd335
  JSQMessagesViewController: 39fed975e3c9f8eba7292071e29eeb541d105e66
  JSQSystemSoundPlayer: c5850e77a4363ffd374cd851154b9af93264ed8d
  MMPopLabel: d9909f18cacd5200f005ef3f0790c9490357b57a
  RAMAnimatedTabBarController: 128e0d71dc802766de575a3c59c6fdcc8e2f921b
  RKNotificationHub: 3765424499139c3d3885b681bb0837f072d12ae6
  SwiftyDropbox: dfcd4d308d32d74729255b48833db61acdfb9c23
  SwiftyJSON: 38a8ea2006779c0fc4c310cb2ee8195327740faf

PODFILE CHECKSUM: 5592b75ece920d1234fbb3d6ee7818df020b6407

COCOAPODS: 1.2.0.beta.3
